
Microsoft Visual Studio Solution File, Format Version 12.00
Project("{FAE04EC0-301F-11D3-BF4B-00C04F79EFBC}") = "GoLivePoster", "GoLivePoster\GoLivePoster.csproj", "{041EF2B9-4A11-4C94-AFCC-49C0BBBF88FF}"
EndProject
Global
	GlobalSection(SolutionConfigurationPlatforms) = preSolution
		Debug|Any CPU = Debug|Any CPU
		Release|Any CPU = Release|Any CPU
	EndGlobalSection
	GlobalSection(ProjectConfigurationPlatforms) = postSolution
		{041EF2B9-4A11-4C94-AFCC-49C0BBBF88FF}.Debug|Any CPU.ActiveCfg = Debug|Any CPU
		{041EF2B9-4A11-4C94-AFCC-49C0BBBF88FF}.Debug|Any CPU.Build.0 = Debug|Any CPU
		{041EF2B9-4A11-4C94-AFCC-49C0BBBF88FF}.Release|Any CPU.ActiveCfg = Release|Any CPU
		{041EF2B9-4A11-4C94-AFCC-49C0BBBF88FF}.Release|Any CPU.Build.0 = Release|Any CPU
	EndGlobalSection
EndGlobal
